
Microsoft Visual Studio Solution File, Format Version 12.00
# Visual Studio Version 16
VisualStudioVersion = 16.0.30804.86
MinimumVisualStudioVersion = 10.0.40219.1
Project("{9A19103F-16F7-4668-BE54-9A1E7A4F7556}") = "SdlangSharp", "SdlangSharp\SdlangSharp.csproj", "{4D1B3F17-5EFB-4526-8E9B-FD10B0365C1A}"
EndProject
Project("{9A19103F-16F7-4668-BE54-9A1E7A4F7556}") = "Tests", "Tests\Tests.csproj", "{8B46267F-F57B-41D8-94D9-CAE07D331A67}"
EndProject
Project("{9A19103F-16F7-4668-BE54-9A1E7A4F7556}") = "Benchmarks", "Benchmark\Benchmarks.csproj", "{AE69DEE8-26AF-4E0A-804E-90612D8A36BC}"
EndProject
Global
	GlobalSection(SolutionConfigurationPlatforms) = preSolution
		Debug|Any CPU = Debug|Any CPU
		Release|Any CPU = Release|Any CPU
	EndGlobalSection
	GlobalSection(ProjectConfigurationPlatforms) = postSolution
		{4D1B3F17-5EFB-4526-8E9B-FD10B0365C1A}.Debug|Any CPU.ActiveCfg = Debug|Any CPU
		{4D1B3F17-5EFB-4526-8E9B-FD10B0365C1A}.Debug|Any CPU.Build.0 = Debug|Any CPU
		{4D1B3F17-5EFB-4526-8E9B-FD10B0365C1A}.Release|Any CPU.ActiveCfg = Release|Any CPU
		{4D1B3F17-5EFB-4526-8E9B-FD10B0365C1A}.Release|Any CPU.Build.0 = Release|Any CPU
		{8B46267F-F57B-41D8-94D9-CAE07D331A67}.Debug|Any CPU.ActiveCfg = Debug|Any CPU
		{8B46267F-F57B-41D8-94D9-CAE07D331A67}.Debug|Any CPU.Build.0 = Debug|Any CPU
		{8B46267F-F57B-41D8-94D9-CAE07D331A67}.Release|Any CPU.ActiveCfg = Release|Any CPU
		{8B46267F-F57B-41D8-94D9-CAE07D331A67}.Release|Any CPU.Build.0 = Release|Any CPU
		{AE69DEE8-26AF-4E0A-804E-90612D8A36BC}.Debug|Any CPU.ActiveCfg = Debug|Any CPU
		{AE69DEE8-26AF-4E0A-804E-90612D8A36BC}.Debug|Any CPU.Build.0 = Debug|Any CPU
		{AE69DEE8-26AF-4E0A-804E-90612D8A36BC}.Release|Any CPU.ActiveCfg = Release|Any CPU
		{AE69DEE8-26AF-4E0A-804E-90612D8A36BC}.Release|Any CPU.Build.0 = Release|Any CPU
	EndGlobalSection
	GlobalSection(SolutionProperties) = preSolution
		HideSolutionNode = FALSE
	EndGlobalSection
	GlobalSection(ExtensibilityGlobals) = postSolution
		SolutionGuid = {B5013732-C05A-48FE-AFC1-2542D28BBB4A}
	EndGlobalSection
EndGlobal
